// !$*UTF8*$!
{
	archiveVersion = 1;
	classes = {
	};
	objectVersion = 46;
	objects = {

/* Begin PBXBuildFile section */
		D3787D841DE0397A00DE33DC /* AppDelegate.swift in Sources */ = {isa = PBXBuildFile; fileRef = D3787D831DE0397A00DE33DC /* AppDelegate.swift */; };
		D3787D861DE0397A00DE33DC /* ViewController.swift in Sources */ = {isa = PBXBuildFile; fileRef = D3787D851DE0397A00DE33DC /* ViewController.swift */; };
		D3787D891DE0397A00DE33DC /* Main.storyboard in Resources */ = {isa = PBXBuildFile; fileRef = D3787D871DE0397A00DE33DC /* Main.storyboard */; };
		D3787D8B1DE0397A00DE33DC /* Assets.xcassets in Resources */ = {isa = PBXBuildFile; fileRef = D3787D8A1DE0397A00DE33DC /* Assets.xcassets */; };
		D3787D8E1DE0397A00DE33DC /* LaunchScreen.storyboard in Resources */ = {isa = PBXBuildFile; fileRef = D3787D8C1DE0397A00DE33DC /* LaunchScreen.storyboard */; };
		D3787D991DE0397A00DE33DC /* SlideshowApp2Tests.swift in Sources */ = {isa = PBXBuildFile; fileRef = D3787D981DE0397A00DE33DC /* SlideshowApp2Tests.swift */; };
		D3787DA41DE0397B00DE33DC /* SlideshowApp2UITests.swift in Sources */ = {isa = PBXBuildFile; fileRef = D3787DA31DE0397B00DE33DC /* SlideshowApp2UITests.swift */; };
/* End PBXBuildFile section */

/* Begin PBXContainerItemProxy section */
		D3787D951DE0397A00DE33DC /* PBXContainerItemProxy */ = {
			isa = PBXContainerItemProxy;
			containerPortal = D3787D781DE0397A00DE33DC /* Project object */;
			proxyType = 1;
			remoteGlobalIDString = D3787D7F1DE0397A00DE33DC;
			remoteInfo = SlideshowApp2;
		};
		D3787DA01DE0397A00DE33DC /* PBXContainerItemProxy */ = {
			isa = PBXContainerItemProxy;
			containerPortal = D3787D781DE0397A00DE33DC /* Project object */;
			proxyType = 1;
			remoteGlobalIDString = D3787D7F1DE0397A00DE33DC;
			remoteInfo = SlideshowApp2;
		};
/* End PBXContainerItemProxy section */

/* Begin PBXFileReference section */
		D3787D801DE0397A00DE33DC /* SlideshowApp2.app */ = {isa = PBXFileReference; explicitFileType = wrapper.application; includeInIndex = 0; path = SlideshowApp2.app; sourceTree = BUILT_PRODUCTS_DIR; };
		D3787D831DE0397A00DE33DC /* AppDelegate.swift */ = {isa = PBXFileReference; lastKnownFileType = sourcecode.swift; path = AppDelegate.swift; sourceTree = "<group>"; };
		D3787D851DE0397A00DE33DC /* ViewController.swift */ = {isa = PBXFileReference; lastKnownFileType = sourcecode.swift; path = ViewController.swift; sourceTree = "<group>"; };
		D3787D881DE0397A00DE33DC /* Base */ = {isa = PBXFileReference; lastKnownFileType = file.storyboard; name = Base; path = Base.lproj/Main.storyboard; sourceTree = "<group>"; };
		D3787D8A1DE0397A00DE33DC /* Assets.xcassets */ = {isa = PBXFileReference; lastKnownFileType = folder.assetcatalog; path = Assets.xcassets; sourceTree = "<group>"; };
		D3787D8D1DE0397A00DE33DC /* Base */ = {isa = PBXFileReference; lastKnownFileType = file.storyboard; name = Base; path = Base.lproj/LaunchScreen.storyboard; sourceTree = "<group>"; };
		D3787D8F1DE0397A00DE33DC /* Info.plist */ = {isa = PBXFileReference; lastKnownFileType = text.plist.xml; path = Info.plist; sourceTree = "<group>"; };
		D3787D941DE0397A00DE33DC /* SlideshowApp2Tests.xctest */ = {isa = PBXFileReference; explicitFileType = wrapper.cfbundle; includeInIndex = 0; path = SlideshowApp2Tests.xctest; sourceTree = BUILT_PRODUCTS_DIR; };
		D3787D981DE0397A00DE33DC /* SlideshowApp2Tests.swift */ = {isa = PBXFileReference; lastKnownFileType = sourcecode.swift; path = SlideshowApp2Tests.swift; sourceTree = "<group>"; };
		D3787D9A1DE0397A00DE33DC /* Info.plist */ = {isa = PBXFileReference; lastKnownFileType = text.plist.xml; path = Info.plist; sourceTree = "<group>"; };
		D3787D9F1DE0397A00DE33DC /* SlideshowApp2UITests.xctest */ = {isa = PBXFileReference; explicitFileType = wrapper.cfbundle; includeInIndex = 0; path = SlideshowApp2UITests.xctest; sourceTree = BUILT_PRODUCTS_DIR; };
		D3787DA31DE0397B00DE33DC /* SlideshowApp2UITests.swift */ = {isa = PBXFileReference; lastKnownFileType = sourcecode.swift; path = SlideshowApp2UITests.swift; sourceTree = "<group>"; };
		D3787DA51DE0397B00DE33DC /* Info.plist */ = {isa = PBXFileReference; lastKnownFileType = text.plist.xml; path = Info.plist; sourceTree = "<group>"; };
/* End PBXFileReference section */

/* Begin PBXFrameworksBuildPhase section */
		D3787D7D1DE0397A00DE33DC /* Frameworks */ = {
			isa = PBXFrameworksBuildPhase;
			buildActionMask = 2147483647;
			files = (
			);
			runOnlyForDeploymentPostprocessing = 0;
		};
		D3787D911DE0397A00DE33DC /* Frameworks */ = {
			isa = PBXFrameworksBuildPhase;
			buildActionMask = 2147483647;
			files = (
			);
			runOnlyForDeploymentPostprocessing = 0;
		};
		D3787D9C1DE0397A00DE33DC /* Frameworks */ = {
			isa = PBXFrameworksBuildPhase;
			buildActionMask = 2147483647;
			files = (
			);
			runOnlyForDeploymentPostprocessing = 0;
		};
/* End PBXFrameworksBuildPhase section */

/* Begin PBXGroup section */
		D3787D771DE0397A00DE33DC = {
			isa = PBXGroup;
			children = (
				D3787D821DE0397A00DE33DC /* SlideshowApp2 */,
				D3787D971DE0397A00DE33DC /* SlideshowApp2Tests */,
				D3787DA21DE0397A00DE33DC /* SlideshowApp2UITests */,
				D3787D811DE0397A00DE33DC /* Products */,
			);
			sourceTree = "<group>";
		};
		D3787D811DE0397A00DE33DC /* Products */ = {
			isa = PBXGroup;
			children = (
				D3787D801DE0397A00DE33DC /* SlideshowApp2.app */,
				D3787D941DE0397A00DE33DC /* SlideshowApp2Tests.xctest */,
				D3787D9F1DE0397A00DE33DC /* SlideshowApp2UITests.xctest */,
			);
			name = Products;
			sourceTree = "<group>";
		};
		D3787D821DE0397A00DE33DC /* SlideshowApp2 */ = {
			isa = PBXGroup;
			children = (
				D3787D831DE0397A00DE33DC /* AppDelegate.swift */,
				D3787D851DE0397A00DE33DC /* ViewController.swift */,
				D3787D871DE0397A00DE33DC /* Main.storyboard */,
				D3787D8A1DE0397A00DE33DC /* Assets.xcassets */,
				D3787D8C1DE0397A00DE33DC /* LaunchScreen.storyboard */,
				D3787D8F1DE0397A00DE33DC /* Info.plist */,
			);
			path = SlideshowApp2;
			sourceTree = "<group>";
		};
		D3787D971DE0397A00DE33DC /* SlideshowApp2Tests */ = {
			isa = PBXGroup;
			children = (
				D3787D981DE0397A00DE33DC /* SlideshowApp2Tests.swift */,
				D3787D9A1DE0397A00DE33DC /* Info.plist */,
			);
			path = SlideshowApp2Tests;
			sourceTree = "<group>";
		};
		D3787DA21DE0397A00DE33DC /* SlideshowApp2UITests */ = {
			isa = PBXGroup;
			children = (
				D3787DA31DE0397B00DE33DC /* SlideshowApp2UITests.swift */,
				D3787DA51DE0397B00DE33DC /* Info.plist */,
			);
			path = SlideshowApp2UITests;
			sourceTree = "<group>";
		};
/* End PBXGroup section */

/* Begin PBXNativeTarget section */
		D3787D7F1DE0397A00DE33DC /* SlideshowApp2 */ = {
			isa = PBXNativeTarget;
			buildConfigurationList = D3787DA81DE0397B00DE33DC /* Build configuration list for PBXNativeTarget "SlideshowApp2" */;
			buildPhases = (
				D3787D7C1DE0397A00DE33DC /* Sources */,
				D3787D7D1DE0397A00DE33DC /* Frameworks */,
				D3787D7E1DE0397A00DE33DC /* Resources */,
			);
			buildRules = (
			);
			dependencies = (
			);
			name = SlideshowApp2;
			productName = SlideshowApp2;
			productReference = D3787D801DE0397A00DE33DC /* SlideshowApp2.app */;
			productType = "com.apple.product-type.application";
		};
		D3787D931DE0397A00DE33DC /* SlideshowApp2Tests */ = {
			isa = PBXNativeTarget;
			buildConfigurationList = D3787DAB1DE0397B00DE33DC /* Build configuration list for PBXNativeTarget "SlideshowApp2Tests" */;
			buildPhases = (
				D3787D901DE0397A00DE33DC /* Sources */,
				D3787D911DE0397A00DE33DC /* Frameworks */,
				D3787D921DE0397A00DE33DC /* Resources */,
			);
			buildRules = (
			);
			dependencies = (
				D3787D961DE0397A00DE33DC /* PBXTargetDependency */,
			);
			name = SlideshowApp2Tests;
			productName = SlideshowApp2Tests;
			productReference = D3787D941DE0397A00DE33DC /* SlideshowApp2Tests.xctest */;
			productType = "com.apple.product-type.bundle.unit-test";
		};
		D3787D9E1DE0397A00DE33DC /* SlideshowApp2UITests */ = {
			isa = PBXNativeTarget;
			buildConfigurationList = D3787DAE1DE0397B00DE33DC /* Build configuration list for PBXNativeTarget "SlideshowApp2UITests" */;
			buildPhases = (
				D3787D9B1DE0397A00DE33DC /* Sources */,
				D3787D9C1DE0397A00DE33DC /* Frameworks */,
				D3787D9D1DE0397A00DE33DC /* Resources */,
			);
			buildRules = (
			);
			dependencies = (
				D3787DA11DE0397A00DE33DC /* PBXTargetDependency */,
			);
			name = SlideshowApp2UITests;
			productName = SlideshowApp2UITests;
			productReference = D3787D9F1DE0397A00DE33DC /* SlideshowApp2UITests.xctest */;
			productType = "com.apple.product-type.bundle.ui-testing";
		};
/* End PBXNativeTarget section */

/* Begin PBXProject section */
		D3787D781DE0397A00DE33DC /* Project object */ = {
			isa = PBXProject;
			attributes = {
				LastSwiftUpdateCheck = 0810;
				LastUpgradeCheck = 0810;
				ORGANIZATIONNAME = "hidetoshi-m";
				TargetAttributes = {
					D3787D7F1DE0397A00DE33DC = {
						CreatedOnToolsVersion = 8.1;
						DevelopmentTeam = R76QAEV5S5;
						ProvisioningStyle = Automatic;
					};
					D3787D931DE0397A00DE33DC = {
						CreatedOnToolsVersion = 8.1;
						DevelopmentTeam = R76QAEV5S5;
						ProvisioningStyle = Automatic;
						TestTargetID = D3787D7F1DE0397A00DE33DC;
					};
					D3787D9E1DE0397A00DE33DC = {
						CreatedOnToolsVersion = 8.1;
						DevelopmentTeam = R76QAEV5S5;
						ProvisioningStyle = Automatic;
						TestTargetID = D3787D7F1DE0397A00DE33DC;
					};
				};
			};
			buildConfigurationList = D3787D7B1DE0397A00DE33DC /* Build configuration list for PBXProject "SlideshowApp2" */;
			compatibilityVersion = "Xcode 3.2";
			developmentRegion = English;
			hasScannedForEncodings = 0;
			knownRegions = (
				en,
				Base,
			);
			mainGroup = D3787D771DE0397A00DE33DC;
			productRefGroup = D3787D811DE0397A00DE33DC /* Products */;
			projectDirPath = "";
			projectRoot = "";
			targets = (
				D3787D7F1DE0397A00DE33DC /* SlideshowApp2 */,
				D3787D931DE0397A00DE33DC /* SlideshowApp2Tests */,
				D3787D9E1DE0397A00DE33DC /* SlideshowApp2UITests */,
			);
		};
/* End PBXProject section */

/* Begin PBXResourcesBuildPhase section */
		D3787D7E1DE0397A00DE33DC /* Resources */ = {
			isa = PBXResourcesBuildPhase;
			buildActionMask = 2147483647;
			files = (
				D3787D8E1DE0397A00DE33DC /* LaunchScreen.storyboard in Resources */,
				D3787D8B1DE0397A00DE33DC /* Assets.xcassets in Resources */,
				D3787D891DE0397A00DE33DC /* Main.storyboard in Resources */,
			);
			runOnlyForDeploymentPostprocessing = 0;
		};
		D3787D921DE0397A00DE33DC /* Resources */ = {
			isa = PBXResourcesBuildPhase;
			buildActionMask = 2147483647;
			files = (
			);
			runOnlyForDeploymentPostprocessing = 0;
		};
		D3787D9D1DE0397A00DE33DC /* Resources */ = {
			isa = PBXResourcesBuildPhase;
			buildActionMask = 2147483647;
			files = (
			);
			runOnlyForDeploymentPostprocessing = 0;
		};
/* End PBXResourcesBuildPhase section */

/* Begin PBXSourcesBuildPhase section */
		D3787D7C1DE0397A00DE33DC /* Sources */ = {
			isa = PBXSourcesBuildPhase;
			buildActionMask = 2147483647;
			files = (
				D3787D861DE0397A00DE33DC /* ViewController.swift in Sources */,
				D3787D841DE0397A00DE33DC /* AppDelegate.swift in Sources */,
			);
			runOnlyForDeploymentPostprocessing = 0;
		};
		D3787D901DE0397A00DE33DC /* Sources */ = {
			isa = PBXSourcesBuildPhase;
			buildActionMask = 2147483647;
			files = (
				D3787D991DE0397A00DE33DC /* SlideshowApp2Tests.swift in Sources */,
			);
			runOnlyForDeploymentPostprocessing = 0;
		};
		D3787D9B1DE0397A00DE33DC /* Sources */ = {
			isa = PBXSourcesBuildPhase;
			buildActionMask = 2147483647;
			files = (
				D3787DA41DE0397B00DE33DC /* SlideshowApp2UITests.swift in Sources */,
			);
			runOnlyForDeploymentPostprocessing = 0;
		};
/* End PBXSourcesBuildPhase section */

/* Begin PBXTargetDependency section */
		D3787D961DE0397A00DE33DC /* PBXTargetDependency */ = {
			isa = PBXTargetDependency;
			target = D3787D7F1DE0397A00DE33DC /* SlideshowApp2 */;
			targetProxy = D3787D951DE0397A00DE33DC /* PBXContainerItemProxy */;
		};
		D3787DA11DE0397A00DE33DC /* PBXTargetDependency */ = {
			isa = PBXTargetDependency;
			target = D3787D7F1DE0397A00DE33DC /* SlideshowApp2 */;
			targetProxy = D3787DA01DE0397A00DE33DC /* PBXContainerItemProxy */;
		};
/* End PBXTargetDependency section */

/* Begin PBXVariantGroup section */
		D3787D871DE0397A00DE33DC /* Main.storyboard */ = {
			isa = PBXVariantGroup;
			children = (
				D3787D881DE0397A00DE33DC /* Base */,
			);
			name = Main.storyboard;
			sourceTree = "<group>";
		};
		D3787D8C1DE0397A00DE33DC /* LaunchScreen.storyboard */ = {
			isa = PBXVariantGroup;
			children = (
				D3787D8D1DE0397A00DE33DC /* Base */,
			);
			name = LaunchScreen.storyboard;
			sourceTree = "<group>";
		};
/* End PBXVariantGroup section */

/* Begin XCBuildConfiguration section */
		D3787DA61DE0397B00DE33DC /* Debug */ = {
			isa = XCBuildConfiguration;
			buildSettings = {
				ALWAYS_SEARCH_USER_PATHS = NO;
				CLANG_ANALYZER_NONNULL = YES;
				CLANG_CXX_LANGUAGE_STANDARD = "gnu++0x";
				CLANG_CXX_LIBRARY = "libc++";
				CLANG_ENABLE_MODULES = YES;
				CLANG_ENABLE_OBJC_ARC = YES;
				CLANG_WARN_BOOL_CONVERSION = YES;
				CLANG_WARN_CONSTANT_CONVERSION = YES;
				CLANG_WARN_DIRECT_OBJC_ISA_USAGE = YES_ERROR;
				CLANG_WARN_DOCUMENTATION_COMMENTS = YES;
				CLANG_WARN_EMPTY_BODY = YES;
				CLANG_WARN_ENUM_CONVERSION = YES;
				CLANG_WARN_INFINITE_RECURSION = YES;
				CLANG_WARN_INT_CONVERSION = YES;
				CLANG_WARN_OBJC_ROOT_CLASS = YES_ERROR;
				CLANG_WARN_SUSPICIOUS_MOVES = YES;
				CLANG_WARN_UNREACHABLE_CODE = YES;
				CLANG_WARN__DUPLICATE_METHOD_MATCH = YES;
				"CODE_SIGN_IDENTITY[sdk=iphoneos*]" = "iPhone Developer";
				COPY_PHASE_STRIP = NO;
				DEBUG_INFORMATION_FORMAT = dwarf;
				ENABLE_STRICT_OBJC_MSGSEND = YES;
				ENABLE_TESTABILITY = YES;
				GCC_C_LANGUAGE_STANDARD = gnu99;
				GCC_DYNAMIC_NO_PIC = NO;
				GCC_NO_COMMON_BLOCKS = YES;
				GCC_OPTIMIZATION_LEVEL = 0;
				GCC_PREPROCESSOR_DEFINITIONS = (
					"DEBUG=1",
					"$(inherited)",
				);
				GCC_WARN_64_TO_32_BIT_CONVERSION = YES;
				GCC_WARN_ABOUT_RETURN_TYPE = YES_ERROR;
				GCC_WARN_UNDECLARED_SELECTOR = YES;
				GCC_WARN_UNINITIALIZED_AUTOS = YES_AGGRESSIVE;
				GCC_WARN_UNUSED_FUNCTION = YES;
				GCC_WARN_UNUSED_VARIABLE = YES;
				IPHONEOS_DEPLOYMENT_TARGET = 10.1;
				MTL_ENABLE_DEBUG_INFO = YES;
				ONLY_ACTIVE_ARCH = YES;
				SDKROOT = iphoneos;
				SWIFT_ACTIVE_COMPILATION_CONDITIONS = DEBUG;
				SWIFT_OPTIMIZATION_LEVEL = "-Onone";
			};
			name = Debug;
		};
		D3787DA71DE0397B00DE33DC /* Release */ = {
			isa = XCBuildConfiguration;
			buildSettings = {
				ALWAYS_SEARCH_USER_PATHS = NO;
				CLANG_ANALYZER_NONNULL = YES;
				CLANG_CXX_LANGUAGE_STANDARD = "gnu++0x";
				CLANG_CXX_LIBRARY = "libc++";
				CLANG_ENABLE_MODULES = YES;
				CLANG_ENABLE_OBJC_ARC = YES;
				CLANG_WARN_BOOL_CONVERSION = YES;
				CLANG_WARN_CONSTANT_CONVERSION = YES;
				CLANG_WARN_DIRECT_OBJC_ISA_USAGE = YES_ERROR;
				CLANG_WARN_DOCUMENTATION_COMMENTS = YES;
				CLANG_WARN_EMPTY_BODY = YES;
				CLANG_WARN_ENUM_CONVERSION = YES;
				CLANG_WARN_INFINITE_RECURSION = YES;
				CLANG_WARN_INT_CONVERSION = YES;
				CLANG_WARN_OBJC_ROOT_CLASS = YES_ERROR;
				CLANG_WARN_SUSPICIOUS_MOVES = YES;
				CLANG_WARN_UNREACHABLE_CODE = YES;
				CLANG_WARN__DUPLICATE_METHOD_MATCH = YES;
				"CODE_SIGN_IDENTITY[sdk=iphoneos*]" = "iPhone Developer";
				COPY_PHASE_STRIP = NO;
				DEBUG_INFORMATION_FORMAT = "dwarf-with-dsym";
				ENABLE_NS_ASSERTIONS = NO;
				ENABLE_STRICT_OBJC_MSGSEND = YES;
				GCC_C_LANGUAGE_STANDARD = gnu99;
				GCC_NO_COMMON_BLOCKS = YES;
				GCC_WARN_64_TO_32_BIT_CONVERSION = YES;
				GCC_WARN_ABOUT_RETURN_TYPE = YES_ERROR;
				GCC_WARN_UNDECLARED_SELECTOR = YES;
				GCC_WARN_UNINITIALIZED_AUTOS = YES_AGGRESSIVE;
				GCC_WARN_UNUSED_FUNCTION = YES;
				GCC_WARN_UNUSED_VARIABLE = YES;
				IPHONEOS_DEPLOYMENT_TARGET = 10.1;
				MTL_ENABLE_DEBUG_INFO = NO;
				SDKROOT = iphoneos;
				SWIFT_OPTIMIZATION_LEVEL = "-Owholemodule";
				VALIDATE_PRODUCT = YES;
			};
			name = Release;
		};
		D3787DA91DE0397B00DE33DC /* Debug */ = {
			isa = XCBuildConfiguration;
			buildSettings = {
				ASSETCATALOG_COMPILER_APPICON_NAME = AppIcon;
				DEVELOPMENT_TEAM = R76QAEV5S5;
				INFOPLIST_FILE = SlideshowApp2/Info.plist;
				LD_RUNPATH_SEARCH_PATHS = "$(inherited) @executable_path/Frameworks";
				PRODUCT_BUNDLE_IDENTIFIER = "jp.techacademy.hidetoshi-m.SlideshowApp2";
				PRODUCT_NAME = "$(TARGET_NAME)";
				SWIFT_VERSION = 3.0;
			};
			name = Debug;
		};
		D3787DAA1DE0397B00DE33DC /* Release */ = {
			isa = XCBuildConfiguration;
			buildSettings = {
				ASSETCATALOG_COMPILER_APPICON_NAME = AppIcon;
				DEVELOPMENT_TEAM = R76QAEV5S5;
				INFOPLIST_FILE = SlideshowApp2/Info.plist;
				LD_RUNPATH_SEARCH_PATHS = "$(inherited) @executable_path/Frameworks";
				PRODUCT_BUNDLE_IDENTIFIER = "jp.techacademy.hidetoshi-m.SlideshowApp2";
				PRODUCT_NAME = "$(TARGET_NAME)";
				SWIFT_VERSION = 3.0;
			};
			name = Release;
		};
		D3787DAC1DE0397B00DE33DC /* Debug */ = {
			isa = XCBuildConfiguration;
			buildSettings = {
				ALWAYS_EMBED_SWIFT_STANDARD_LIBRARIES = YES;
				BUNDLE_LOADER = "$(TEST_HOST)";
				DEVELOPMENT_TEAM = R76QAEV5S5;
				INFOPLIST_FILE = SlideshowApp2Tests/Info.plist;
				LD_RUNPATH_SEARCH_PATHS = "$(inherited) @executable_path/Frameworks @loader_path/Frameworks";
				PRODUCT_BUNDLE_IDENTIFIER = "jp.techacademy.hidetoshi-m.SlideshowApp2Tests";
				PRODUCT_NAME = "$(TARGET_NAME)";
				SWIFT_VERSION = 3.0;
				TEST_HOST = "$(BUILT_PRODUCTS_DIR)/SlideshowApp2.app/SlideshowApp2";
			};
			name = Debug;
		};
		D3787DAD1DE0397B00DE33DC /* Release */ = {
			isa = XCBuildConfiguration;
			buildSettings = {
				ALWAYS_EMBED_SWIFT_STANDARD_LIBRARIES = YES;
				BUNDLE_LOADER = "$(TEST_HOST)";
				DEVELOPMENT_TEAM = R76QAEV5S5;
				INFOPLIST_FILE = SlideshowApp2Tests/Info.plist;
				LD_RUNPATH_SEARCH_PATHS = "$(inherited) @executable_path/Frameworks @loader_path/Frameworks";
				PRODUCT_BUNDLE_IDENTIFIER = "jp.techacademy.hidetoshi-m.SlideshowApp2Tests";
				PRODUCT_NAME = "$(TARGET_NAME)";
				SWIFT_VERSION = 3.0;
				TEST_HOST = "$(BUILT_PRODUCTS_DIR)/SlideshowApp2.app/SlideshowApp2";
			};
			name = Release;
		};
		D3787DAF1DE0397B00DE33DC /* Debug */ = {
			isa = XCBuildConfiguration;
			buildSettings = {
				ALWAYS_EMBED_SWIFT_STANDARD_LIBRARIES = YES;
				DEVELOPMENT_TEAM = R76QAEV5S5;
				INFOPLIST_FILE = SlideshowApp2UITests/Info.plist;
				LD_RUNPATH_SEARCH_PATHS = "$(inherited) @executable_path/Frameworks @loader_path/Frameworks";
				PRODUCT_BUNDLE_IDENTIFIER = "jp.techacademy.hidetoshi-m.SlideshowApp2UITests";
				PRODUCT_NAME = "$(TARGET_NAME)";
				SWIFT_VERSION = 3.0;
				TEST_TARGET_NAME = SlideshowApp2;
			};
			name = Debug;
		};
		D3787DB01DE0397B00DE33DC /* Release */ = {
			isa = XCBuildConfiguration;
			buildSettings = {
				ALWAYS_EMBED_SWIFT_STANDARD_LIBRARIES = YES;
				DEVELOPMENT_TEAM = R76QAEV5S5;
				INFOPLIST_FILE = SlideshowApp2UITests/Info.plist;
				LD_RUNPATH_SEARCH_PATHS = "$(inherited) @executable_path/Frameworks @loader_path/Frameworks";
				PRODUCT_BUNDLE_IDENTIFIER = "jp.techacademy.hidetoshi-m.SlideshowApp2UITests";
				PRODUCT_NAME = "$(TARGET_NAME)";
				SWIFT_VERSION = 3.0;
				TEST_TARGET_NAME = SlideshowApp2;
			};
			name = Release;
		};
/* End XCBuildConfiguration section */

/* Begin XCConfigurationList section */
		D3787D7B1DE0397A00DE33DC /* Build configuration list for PBXProject "SlideshowApp2" */ = {
			isa = XCConfigurationList;
			buildConfigurations = (
				D3787DA61DE0397B00DE33DC /* Debug */,
				D3787DA71DE0397B00DE33DC /* Release */,
			);
			defaultConfigurationIsVisible = 0;
			defaultConfigurationName = Release;
		};
		D3787DA81DE0397B00DE33DC /* Build configuration list for PBXNativeTarget "SlideshowApp2" */ = {
			isa = XCConfigurationList;
			buildConfigurations = (
				D3787DA91DE0397B00DE33DC /* Debug */,
				D3787DAA1DE0397B00DE33DC /* Release */,
			);
			defaultConfigurationIsVisible = 0;
		};
		D3787DAB1DE0397B00DE33DC /* Build configuration list for PBXNativeTarget "SlideshowApp2Tests" */ = {
			isa = XCConfigurationList;
			buildConfigurations = (
				D3787DAC1DE0397B00DE33DC /* Debug */,
				D3787DAD1DE0397B00DE33DC /* Release */,
			);
			defaultConfigurationIsVisible = 0;
		};
		D3787DAE1DE0397B00DE33DC /* Build configuration list for PBXNativeTarget "SlideshowApp2UITests" */ = {
			isa = XCConfigurationList;
			buildConfigurations = (
				D3787DAF1DE0397B00DE33DC /* Debug */,
				D3787DB01DE0397B00DE33DC /* Release */,
			);
			defaultConfigurationIsVisible = 0;
		};
/* End XCConfigurationList section */
	};
	rootObject = D3787D781DE0397A00DE33DC /* Project object */;
}
